// !$*UTF8*$!
{
	archiveVersion = 1;
	classes = {
	};
	objectVersion = 56;
	objects = {

/* Begin PBXBuildFile section */
		08E3D4502A6A693B00300945 /* SimpleDiaryApp.swift in Sources */ = {isa = PBXBuildFile; fileRef = 08E3D44F2A6A693B00300945 /* SimpleDiaryApp.swift */; };
		08E3D4522A6A693B00300945 /* ContentView.swift in Sources */ = {isa = PBXBuildFile; fileRef = 08E3D4512A6A693B00300945 /* ContentView.swift */; };
		08E3D4542A6A693C00300945 /* Assets.xcassets in Resources */ = {isa = PBXBuildFile; fileRef = 08E3D4532A6A693C00300945 /* Assets.xcassets */; };
		08E3D4572A6A693C00300945 /* Preview Assets.xcassets in Resources */ = {isa = PBXBuildFile; fileRef = 08E3D4562A6A693C00300945 /* Preview Assets.xcassets */; };
		08E3D45E2A6A6A0F00300945 /* DiaryModel.swift in Sources */ = {isa = PBXBuildFile; fileRef = 08E3D45D2A6A6A0F00300945 /* DiaryModel.swift */; };
		08E3D4602A6A6C6800300945 /* DiaryDataManager.swift in Sources */ = {isa = PBXBuildFile; fileRef = 08E3D45F2A6A6C6800300945 /* DiaryDataManager.swift */; };
		08E3D4622A6A715400300945 /* DiaryInputModal.swift in Sources */ = {isa = PBXBuildFile; fileRef = 08E3D4612A6A715400300945 /* DiaryInputModal.swift */; };
		08E3D4642A6A74F600300945 /* DiaryDetailView.swift in Sources */ = {isa = PBXBuildFile; fileRef = 08E3D4632A6A74F600300945 /* DiaryDetailView.swift */; };
		08F573A02A77B4F60064E8A1 /* CalendarView.swift in Sources */ = {isa = PBXBuildFile; fileRef = 08F5739F2A77B4F60064E8A1 /* CalendarView.swift */; };
		08F573A22A77B5270064E8A1 /* CalendarHelper.swift in Sources */ = {isa = PBXBuildFile; fileRef = 08F573A12A77B5270064E8A1 /* CalendarHelper.swift */; };
		08F573A82A77B5440064E8A1 /* CalendarCell.swift in Sources */ = {isa = PBXBuildFile; fileRef = 08F573A42A77B5430064E8A1 /* CalendarCell.swift */; };
		08F573A92A77B5440064E8A1 /* DateHolder.swift in Sources */ = {isa = PBXBuildFile; fileRef = 08F573A52A77B5430064E8A1 /* DateHolder.swift */; };
		08F573AA2A77B5440064E8A1 /* MonthStruct.swift in Sources */ = {isa = PBXBuildFile; fileRef = 08F573A62A77B5430064E8A1 /* MonthStruct.swift */; };
		08F573AC2A77B5CD0064E8A1 /* DateScrollerView.swift in Sources */ = {isa = PBXBuildFile; fileRef = 08F573AB2A77B5CD0064E8A1 /* DateScrollerView.swift */; };
/* End PBXBuildFile section */

/* Begin PBXFileReference section */
		08E3D44C2A6A693B00300945 /* SimpleDiary.app */ = {isa = PBXFileReference; explicitFileType = wrapper.application; includeInIndex = 0; path = SimpleDiary.app; sourceTree = BUILT_PRODUCTS_DIR; };
		08E3D44F2A6A693B00300945 /* SimpleDiaryApp.swift */ = {isa = PBXFileReference; lastKnownFileType = sourcecode.swift; path = SimpleDiaryApp.swift; sourceTree = "<group>"; };
		08E3D4512A6A693B00300945 /* ContentView.swift */ = {isa = PBXFileReference; lastKnownFileType = sourcecode.swift; path = ContentView.swift; sourceTree = "<group>"; };
		08E3D4532A6A693C00300945 /* Assets.xcassets */ = {isa = PBXFileReference; lastKnownFileType = folder.assetcatalog; path = Assets.xcassets; sourceTree = "<group>"; };
		08E3D4562A6A693C00300945 /* Preview Assets.xcassets */ = {isa = PBXFileReference; lastKnownFileType = folder.assetcatalog; path = "Preview Assets.xcassets"; sourceTree = "<group>"; };
		08E3D45D2A6A6A0F00300945 /* DiaryModel.swift */ = {isa = PBXFileReference; lastKnownFileType = sourcecode.swift; path = DiaryModel.swift; sourceTree = "<group>"; };
		08E3D45F2A6A6C6800300945 /* DiaryDataManager.swift */ = {isa = PBXFileReference; lastKnownFileType = sourcecode.swift; path = DiaryDataManager.swift; sourceTree = "<group>"; };
		08E3D4612A6A715400300945 /* DiaryInputModal.swift */ = {isa = PBXFileReference; lastKnownFileType = sourcecode.swift; path = DiaryInputModal.swift; sourceTree = "<group>"; };
		08E3D4632A6A74F600300945 /* DiaryDetailView.swift */ = {isa = PBXFileReference; lastKnownFileType = sourcecode.swift; path = DiaryDetailView.swift; sourceTree = "<group>"; };
		08F5739F2A77B4F60064E8A1 /* CalendarView.swift */ = {isa = PBXFileReference; fileEncoding = 4; lastKnownFileType = sourcecode.swift; path = CalendarView.swift; sourceTree = "<group>"; };
		08F573A12A77B5270064E8A1 /* CalendarHelper.swift */ = {isa = PBXFileReference; fileEncoding = 4; lastKnownFileType = sourcecode.swift; path = CalendarHelper.swift; sourceTree = "<group>"; };
		08F573A42A77B5430064E8A1 /* CalendarCell.swift */ = {isa = PBXFileReference; fileEncoding = 4; lastKnownFileType = sourcecode.swift; path = CalendarCell.swift; sourceTree = "<group>"; };
		08F573A52A77B5430064E8A1 /* DateHolder.swift */ = {isa = PBXFileReference; fileEncoding = 4; lastKnownFileType = sourcecode.swift; path = DateHolder.swift; sourceTree = "<group>"; };
		08F573A62A77B5430064E8A1 /* MonthStruct.swift */ = {isa = PBXFileReference; fileEncoding = 4; lastKnownFileType = sourcecode.swift; path = MonthStruct.swift; sourceTree = "<group>"; };
		08F573AB2A77B5CD0064E8A1 /* DateScrollerView.swift */ = {isa = PBXFileReference; fileEncoding = 4; lastKnownFileType = sourcecode.swift; path = DateScrollerView.swift; sourceTree = "<group>"; };
/* End PBXFileReference section */

/* Begin PBXFrameworksBuildPhase section */
		08E3D4492A6A693B00300945 /* Frameworks */ = {
			isa = PBXFrameworksBuildPhase;
			buildActionMask = 2147483647;
			files = (
			);
			runOnlyForDeploymentPostprocessing = 0;
		};
/* End PBXFrameworksBuildPhase section */

/* Begin PBXGroup section */
		08E3D4432A6A693B00300945 = {
			isa = PBXGroup;
			children = (
				08E3D44E2A6A693B00300945 /* SimpleDiary */,
				08E3D44D2A6A693B00300945 /* Products */,
			);
			sourceTree = "<group>";
		};
		08E3D44D2A6A693B00300945 /* Products */ = {
			isa = PBXGroup;
			children = (
				08E3D44C2A6A693B00300945 /* SimpleDiary.app */,
			);
			name = Products;
			sourceTree = "<group>";
		};
		08E3D44E2A6A693B00300945 /* SimpleDiary */ = {
			isa = PBXGroup;
			children = (
				08F5739E2A77B4260064E8A1 /* Calendar */,
				08E3D44F2A6A693B00300945 /* SimpleDiaryApp.swift */,
				08E3D4512A6A693B00300945 /* ContentView.swift */,
				08E3D45D2A6A6A0F00300945 /* DiaryModel.swift */,
				08E3D45F2A6A6C6800300945 /* DiaryDataManager.swift */,
				08E3D4612A6A715400300945 /* DiaryInputModal.swift */,
				08E3D4632A6A74F600300945 /* DiaryDetailView.swift */,
				08E3D4532A6A693C00300945 /* Assets.xcassets */,
				08E3D4552A6A693C00300945 /* Preview Content */,
			);
			path = SimpleDiary;
			sourceTree = "<group>";
		};
		08E3D4552A6A693C00300945 /* Preview Content */ = {
			isa = PBXGroup;
			children = (
				08E3D4562A6A693C00300945 /* Preview Assets.xcassets */,
			);
			path = "Preview Content";
			sourceTree = "<group>";
		};
		08F5739E2A77B4260064E8A1 /* Calendar */ = {
			isa = PBXGroup;
			children = (
				08F573A52A77B5430064E8A1 /* DateHolder.swift */,
				08F573A62A77B5430064E8A1 /* MonthStruct.swift */,
				08F573A12A77B5270064E8A1 /* CalendarHelper.swift */,
				08F573AB2A77B5CD0064E8A1 /* DateScrollerView.swift */,
				08F573A42A77B5430064E8A1 /* CalendarCell.swift */,
				08F5739F2A77B4F60064E8A1 /* CalendarView.swift */,
			);
			path = Calendar;
			sourceTree = "<group>";
		};
/* End PBXGroup section */

/* Begin PBXNativeTarget section */
		08E3D44B2A6A693B00300945 /* SimpleDiary */ = {
			isa = PBXNativeTarget;
			buildConfigurationList = 08E3D45A2A6A693C00300945 /* Build configuration list for PBXNativeTarget "SimpleDiary" */;
			buildPhases = (
				08E3D4482A6A693B00300945 /* Sources */,
				08E3D4492A6A693B00300945 /* Frameworks */,
				08E3D44A2A6A693B00300945 /* Resources */,
			);
			buildRules = (
			);
			dependencies = (
			);
			name = SimpleDiary;
			productName = SimpleDiary;
			productReference = 08E3D44C2A6A693B00300945 /* SimpleDiary.app */;
			productType = "com.apple.product-type.application";
		};
/* End PBXNativeTarget section */

/* Begin PBXProject section */
		08E3D4442A6A693B00300945 /* Project object */ = {
			isa = PBXProject;
			attributes = {
				BuildIndependentTargetsInParallel = 1;
				LastSwiftUpdateCheck = 1430;
				LastUpgradeCheck = 1430;
				TargetAttributes = {
					08E3D44B2A6A693B00300945 = {
						CreatedOnToolsVersion = 14.3.1;
					};
				};
			};
			buildConfigurationList = 08E3D4472A6A693B00300945 /* Build configuration list for PBXProject "SimpleDiary" */;
			compatibilityVersion = "Xcode 14.0";
			developmentRegion = en;
			hasScannedForEncodings = 0;
			knownRegions = (
				en,
				Base,
			);
			mainGroup = 08E3D4432A6A693B00300945;
			productRefGroup = 08E3D44D2A6A693B00300945 /* Products */;
			projectDirPath = "";
			projectRoot = "";
			targets = (
				08E3D44B2A6A693B00300945 /* SimpleDiary */,
			);
		};
/* End PBXProject section */

/* Begin PBXResourcesBuildPhase section */
		08E3D44A2A6A693B00300945 /* Resources */ = {
			isa = PBXResourcesBuildPhase;
			buildActionMask = 2147483647;
			files = (
				08E3D4572A6A693C00300945 /* Preview Assets.xcassets in Resources */,
				08E3D4542A6A693C00300945 /* Assets.xcassets in Resources */,
			);
			runOnlyForDeploymentPostprocessing = 0;
		};
/* End PBXResourcesBuildPhase section */

/* Begin PBXSourcesBuildPhase section */
		08E3D4482A6A693B00300945 /* Sources */ = {
			isa = PBXSourcesBuildPhase;
			buildActionMask = 2147483647;
			files = (
				08E3D4522A6A693B00300945 /* ContentView.swift in Sources */,
				08F573A22A77B5270064E8A1 /* CalendarHelper.swift in Sources */,
				08F573AC2A77B5CD0064E8A1 /* DateScrollerView.swift in Sources */,
				08F573A02A77B4F60064E8A1 /* CalendarView.swift in Sources */,
				08E3D45E2A6A6A0F00300945 /* DiaryModel.swift in Sources */,
				08E3D4622A6A715400300945 /* DiaryInputModal.swift in Sources */,
				08E3D4642A6A74F600300945 /* DiaryDetailView.swift in Sources */,
				08E3D4502A6A693B00300945 /* SimpleDiaryApp.swift in Sources */,
				08F573A92A77B5440064E8A1 /* DateHolder.swift in Sources */,
				08E3D4602A6A6C6800300945 /* DiaryDataManager.swift in Sources */,
				08F573A82A77B5440064E8A1 /* CalendarCell.swift in Sources */,
				08F573AA2A77B5440064E8A1 /* MonthStruct.swift in Sources */,
			);
			runOnlyForDeploymentPostprocessing = 0;
		};
/* End PBXSourcesBuildPhase section */

/* Begin XCBuildConfiguration section */
		08E3D4582A6A693C00300945 /* Debug */ = {
			isa = XCBuildConfiguration;
			buildSettings = {
				ALWAYS_SEARCH_USER_PATHS = NO;
				CLANG_ANALYZER_NONNULL = YES;
				CLANG_ANALYZER_NUMBER_OBJECT_CONVERSION = YES_AGGRESSIVE;
				CLANG_CXX_LANGUAGE_STANDARD = "gnu++20";
				CLANG_ENABLE_MODULES = YES;
				CLANG_ENABLE_OBJC_ARC = YES;
				CLANG_ENABLE_OBJC_WEAK = YES;
				CLANG_WARN_BLOCK_CAPTURE_AUTORELEASING = YES;
				CLANG_WARN_BOOL_CONVERSION = YES;
				CLANG_WARN_COMMA = YES;
				CLANG_WARN_CONSTANT_CONVERSION = YES;
				CLANG_WARN_DEPRECATED_OBJC_IMPLEMENTATIONS = YES;
				CLANG_WARN_DIRECT_OBJC_ISA_USAGE = YES_ERROR;
				CLANG_WARN_DOCUMENTATION_COMMENTS = YES;
				CLANG_WARN_EMPTY_BODY = YES;
				CLANG_WARN_ENUM_CONVERSION = YES;
				CLANG_WARN_INFINITE_RECURSION = YES;
				CLANG_WARN_INT_CONVERSION = YES;
				CLANG_WARN_NON_LITERAL_NULL_CONVERSION = YES;
				CLANG_WARN_OBJC_IMPLICIT_RETAIN_SELF = YES;
				CLANG_WARN_OBJC_LITERAL_CONVERSION = YES;
				CLANG_WARN_OBJC_ROOT_CLASS = YES_ERROR;
				CLANG_WARN_QUOTED_INCLUDE_IN_FRAMEWORK_HEADER = YES;
				CLANG_WARN_RANGE_LOOP_ANALYSIS = YES;
				CLANG_WARN_STRICT_PROTOTYPES = YES;
				CLANG_WARN_SUSPICIOUS_MOVE = YES;
				CLANG_WARN_UNGUARDED_AVAILABILITY = YES_AGGRESSIVE;
				CLANG_WARN_UNREACHABLE_CODE = YES;
				CLANG_WARN__DUPLICATE_METHOD_MATCH = YES;
				COPY_PHASE_STRIP = NO;
				DEBUG_INFORMATION_FORMAT = dwarf;
				ENABLE_STRICT_OBJC_MSGSEND = YES;
				ENABLE_TESTABILITY = YES;
				GCC_C_LANGUAGE_STANDARD = gnu11;
				GCC_DYNAMIC_NO_PIC = NO;
				GCC_NO_COMMON_BLOCKS = YES;
				GCC_OPTIMIZATION_LEVEL = 0;
				GCC_PREPROCESSOR_DEFINITIONS = (
					"DEBUG=1",
					"$(inherited)",
				);
				GCC_WARN_64_TO_32_BIT_CONVERSION = YES;
				GCC_WARN_ABOUT_RETURN_TYPE = YES_ERROR;
				GCC_WARN_UNDECLARED_SELECTOR = YES;
				GCC_WARN_UNINITIALIZED_AUTOS = YES_AGGRESSIVE;
				GCC_WARN_UNUSED_FUNCTION = YES;
				GCC_WARN_UNUSED_VARIABLE = YES;
				IPHONEOS_DEPLOYMENT_TARGET = 16.4;
				MTL_ENABLE_DEBUG_INFO = INCLUDE_SOURCE;
				MTL_FAST_MATH = YES;
				ONLY_ACTIVE_ARCH = YES;
				SDKROOT = iphoneos;
				SWIFT_ACTIVE_COMPILATION_CONDITIONS = DEBUG;
				SWIFT_OPTIMIZATION_LEVEL = "-Onone";
			};
			name = Debug;
		};
		08E3D4592A6A693C00300945 /* Release */ = {
			isa = XCBuildConfiguration;
			buildSettings = {
				ALWAYS_SEARCH_USER_PATHS = NO;
				CLANG_ANALYZER_NONNULL = YES;
				CLANG_ANALYZER_NUMBER_OBJECT_CONVERSION = YES_AGGRESSIVE;
				CLANG_CXX_LANGUAGE_STANDARD = "gnu++20";
				CLANG_ENABLE_MODULES = YES;
				CLANG_ENABLE_OBJC_ARC = YES;
				CLANG_ENABLE_OBJC_WEAK = YES;
				CLANG_WARN_BLOCK_CAPTURE_AUTORELEASING = YES;
				CLANG_WARN_BOOL_CONVERSION = YES;
				CLANG_WARN_COMMA = YES;
				CLANG_WARN_CONSTANT_CONVERSION = YES;
				CLANG_WARN_DEPRECATED_OBJC_IMPLEMENTATIONS = YES;
				CLANG_WARN_DIRECT_OBJC_ISA_USAGE = YES_ERROR;
				CLANG_WARN_DOCUMENTATION_COMMENTS = YES;
				CLANG_WARN_EMPTY_BODY = YES;
				CLANG_WARN_ENUM_CONVERSION = YES;
				CLANG_WARN_INFINITE_RECURSION = YES;
				CLANG_WARN_INT_CONVERSION = YES;
				CLANG_WARN_NON_LITERAL_NULL_CONVERSION = YES;
				CLANG_WARN_OBJC_IMPLICIT_RETAIN_SELF = YES;
				CLANG_WARN_OBJC_LITERAL_CONVERSION = YES;
				CLANG_WARN_OBJC_ROOT_CLASS = YES_ERROR;
				CLANG_WARN_QUOTED_INCLUDE_IN_FRAMEWORK_HEADER = YES;
				CLANG_WARN_RANGE_LOOP_ANALYSIS = YES;
				CLANG_WARN_STRICT_PROTOTYPES = YES;
				CLANG_WARN_SUSPICIOUS_MOVE = YES;
				CLANG_WARN_UNGUARDED_AVAILABILITY = YES_AGGRESSIVE;
				CLANG_WARN_UNREACHABLE_CODE = YES;
				CLANG_WARN__DUPLICATE_METHOD_MATCH = YES;
				COPY_PHASE_STRIP = NO;
				DEBUG_INFORMATION_FORMAT = "dwarf-with-dsym";
				ENABLE_NS_ASSERTIONS = NO;
				ENABLE_STRICT_OBJC_MSGSEND = YES;
				GCC_C_LANGUAGE_STANDARD = gnu11;
				GCC_NO_COMMON_BLOCKS = YES;
				GCC_WARN_64_TO_32_BIT_CONVERSION = YES;
				GCC_WARN_ABOUT_RETURN_TYPE = YES_ERROR;
				GCC_WARN_UNDECLARED_SELECTOR = YES;
				GCC_WARN_UNINITIALIZED_AUTOS = YES_AGGRESSIVE;
				GCC_WARN_UNUSED_FUNCTION = YES;
				GCC_WARN_UNUSED_VARIABLE = YES;
				IPHONEOS_DEPLOYMENT_TARGET = 16.4;
				MTL_ENABLE_DEBUG_INFO = NO;
				MTL_FAST_MATH = YES;
				SDKROOT = iphoneos;
				SWIFT_COMPILATION_MODE = wholemodule;
				SWIFT_OPTIMIZATION_LEVEL = "-O";
				VALIDATE_PRODUCT = YES;
			};
			name = Release;
		};
		08E3D45B2A6A693C00300945 /* Debug */ = {
			isa = XCBuildConfiguration;
			buildSettings = {
				ASSETCATALOG_COMPILER_APPICON_NAME = AppIcon;
				ASSETCATALOG_COMPILER_GLOBAL_ACCENT_COLOR_NAME = AccentColor;
				CODE_SIGN_STYLE = Automatic;
				CURRENT_PROJECT_VERSION = 1;
				DEVELOPMENT_ASSET_PATHS = "\"SimpleDiary/Preview Content\"";
				DEVELOPMENT_TEAM = 7HY82828Q6;
				ENABLE_PREVIEWS = YES;
				GENERATE_INFOPLIST_FILE = YES;
				INFOPLIST_KEY_UIApplicationSceneManifest_Generation = YES;
				INFOPLIST_KEY_UIApplicationSupportsIndirectInputEvents = YES;
				INFOPLIST_KEY_UILaunchScreen_Generation = YES;
				INFOPLIST_KEY_UISupportedInterfaceOrientations_iPad = "UIInterfaceOrientationPortrait UIInterfaceOrientationPortraitUpsideDown UIInterfaceOrientationLandscapeLeft UIInterfaceOrientationLandscapeRight";
				INFOPLIST_KEY_UISupportedInterfaceOrientations_iPhone = "UIInterfaceOrientationPortrait UIInterfaceOrientationLandscapeLeft UIInterfaceOrientationLandscapeRight";
				LD_RUNPATH_SEARCH_PATHS = (
					"$(inherited)",
					"@executable_path/Frameworks",
				);
				MARKETING_VERSION = 1.0;
				PRODUCT_BUNDLE_IDENTIFIER = kr.ac.swac.SimpleDiary;
				PRODUCT_NAME = "$(TARGET_NAME)";
				SWIFT_EMIT_LOC_STRINGS = YES;
				SWIFT_VERSION = 5.0;
				TARGETED_DEVICE_FAMILY = "1,2";
			};
			name = Debug;
		};
		08E3D45C2A6A693C00300945 /* Release */ = {
			isa = XCBuildConfiguration;
			buildSettings = {
				ASSETCATALOG_COMPILER_APPICON_NAME = AppIcon;
				ASSETCATALOG_COMPILER_GLOBAL_ACCENT_COLOR_NAME = AccentColor;
				CODE_SIGN_STYLE = Automatic;
				CURRENT_PROJECT_VERSION = 1;
				DEVELOPMENT_ASSET_PATHS = "\"SimpleDiary/Preview Content\"";
				DEVELOPMENT_TEAM = 7HY82828Q6;
				ENABLE_PREVIEWS = YES;
				GENERATE_INFOPLIST_FILE = YES;
				INFOPLIST_KEY_UIApplicationSceneManifest_Generation = YES;
				INFOPLIST_KEY_UIApplicationSupportsIndirectInputEvents = YES;
				INFOPLIST_KEY_UILaunchScreen_Generation = YES;
				INFOPLIST_KEY_UISupportedInterfaceOrientations_iPad = "UIInterfaceOrientationPortrait UIInterfaceOrientationPortraitUpsideDown UIInterfaceOrientationLandscapeLeft UIInterfaceOrientationLandscapeRight";
				INFOPLIST_KEY_UISupportedInterfaceOrientations_iPhone = "UIInterfaceOrientationPortrait UIInterfaceOrientationLandscapeLeft UIInterfaceOrientationLandscapeRight";
				LD_RUNPATH_SEARCH_PATHS = (
					"$(inherited)",
					"@executable_path/Frameworks",
				);
				MARKETING_VERSION = 1.0;
				PRODUCT_BUNDLE_IDENTIFIER = kr.ac.swac.SimpleDiary;
				PRODUCT_NAME = "$(TARGET_NAME)";
				SWIFT_EMIT_LOC_STRINGS = YES;
				SWIFT_VERSION = 5.0;
				TARGETED_DEVICE_FAMILY = "1,2";
			};
			name = Release;
		};
/* End XCBuildConfiguration section */

/* Begin XCConfigurationList section */
		08E3D4472A6A693B00300945 /* Build configuration list for PBXProject "SimpleDiary" */ = {
			isa = XCConfigurationList;
			buildConfigurations = (
				08E3D4582A6A693C00300945 /* Debug */,
				08E3D4592A6A693C00300945 /* Release */,
			);
			defaultConfigurationIsVisible = 0;
			defaultConfigurationName = Release;
		};
		08E3D45A2A6A693C00300945 /* Build configuration list for PBXNativeTarget "SimpleDiary" */ = {
			isa = XCConfigurationList;
			buildConfigurations = (
				08E3D45B2A6A693C00300945 /* Debug */,
				08E3D45C2A6A693C00300945 /* Release */,
			);
			defaultConfigurationIsVisible = 0;
			defaultConfigurationName = Release;
		};
/* End XCConfigurationList section */
	};
	rootObject = 08E3D4442A6A693B00300945 /* Project object */;
}
