// !$*UTF8*$!
{
	archiveVersion = 1;
	classes = {
	};
	objectVersion = 56;
	objects = {

/* Begin PBXBuildFile section */
		08F573952A766C2E0064E8A1 /* AccountBookModel.swift in Sources */ = {isa = PBXBuildFile; fileRef = 08F573942A766C2E0064E8A1 /* AccountBookModel.swift */; };
		08F573992A7676FC0064E8A1 /* InputAccountModal.swift in Sources */ = {isa = PBXBuildFile; fileRef = 08F573982A7676FC0064E8A1 /* InputAccountModal.swift */; };
		08F5739B2A76787B0064E8A1 /* AccountDataManager.swift in Sources */ = {isa = PBXBuildFile; fileRef = 08F5739A2A76787B0064E8A1 /* AccountDataManager.swift */; };
		F3D003692A612CD000FEE503 /* SimpleAccountBookApp.swift in Sources */ = {isa = PBXBuildFile; fileRef = F3D003682A612CD000FEE503 /* SimpleAccountBookApp.swift */; };
		F3D0036B2A612CD000FEE503 /* ContentView.swift in Sources */ = {isa = PBXBuildFile; fileRef = F3D0036A2A612CD000FEE503 /* ContentView.swift */; };
		F3D0036D2A612CD100FEE503 /* Assets.xcassets in Resources */ = {isa = PBXBuildFile; fileRef = F3D0036C2A612CD100FEE503 /* Assets.xcassets */; };
		F3D003702A612CD100FEE503 /* Preview Assets.xcassets in Resources */ = {isa = PBXBuildFile; fileRef = F3D0036F2A612CD100FEE503 /* Preview Assets.xcassets */; };
		F3D0037A2A612CD100FEE503 /* SimpleAccountBookTests.swift in Sources */ = {isa = PBXBuildFile; fileRef = F3D003792A612CD100FEE503 /* SimpleAccountBookTests.swift */; };
		F3D003842A612CD100FEE503 /* SimpleAccountBookUITests.swift in Sources */ = {isa = PBXBuildFile; fileRef = F3D003832A612CD100FEE503 /* SimpleAccountBookUITests.swift */; };
		F3D003862A612CD100FEE503 /* SimpleAccountBookUITestsLaunchTests.swift in Sources */ = {isa = PBXBuildFile; fileRef = F3D003852A612CD100FEE503 /* SimpleAccountBookUITestsLaunchTests.swift */; };
/* End PBXBuildFile section */

/* Begin PBXContainerItemProxy section */
		F3D003762A612CD100FEE503 /* PBXContainerItemProxy */ = {
			isa = PBXContainerItemProxy;
			containerPortal = F3D0035D2A612CD000FEE503 /* Project object */;
			proxyType = 1;
			remoteGlobalIDString = F3D003642A612CD000FEE503;
			remoteInfo = SimpleAccountBook;
		};
		F3D003802A612CD100FEE503 /* PBXContainerItemProxy */ = {
			isa = PBXContainerItemProxy;
			containerPortal = F3D0035D2A612CD000FEE503 /* Project object */;
			proxyType = 1;
			remoteGlobalIDString = F3D003642A612CD000FEE503;
			remoteInfo = SimpleAccountBook;
		};
/* End PBXContainerItemProxy section */

/* Begin PBXFileReference section */
		08F573942A766C2E0064E8A1 /* AccountBookModel.swift */ = {isa = PBXFileReference; lastKnownFileType = sourcecode.swift; path = AccountBookModel.swift; sourceTree = "<group>"; };
		08F573982A7676FC0064E8A1 /* InputAccountModal.swift */ = {isa = PBXFileReference; lastKnownFileType = sourcecode.swift; path = InputAccountModal.swift; sourceTree = "<group>"; };
		08F5739A2A76787B0064E8A1 /* AccountDataManager.swift */ = {isa = PBXFileReference; lastKnownFileType = sourcecode.swift; path = AccountDataManager.swift; sourceTree = "<group>"; };
		F3D003652A612CD000FEE503 /* SimpleAccountBook.app */ = {isa = PBXFileReference; explicitFileType = wrapper.application; includeInIndex = 0; path = SimpleAccountBook.app; sourceTree = BUILT_PRODUCTS_DIR; };
		F3D003682A612CD000FEE503 /* SimpleAccountBookApp.swift */ = {isa = PBXFileReference; lastKnownFileType = sourcecode.swift; path = SimpleAccountBookApp.swift; sourceTree = "<group>"; };
		F3D0036A2A612CD000FEE503 /* ContentView.swift */ = {isa = PBXFileReference; lastKnownFileType = sourcecode.swift; path = ContentView.swift; sourceTree = "<group>"; };
		F3D0036C2A612CD100FEE503 /* Assets.xcassets */ = {isa = PBXFileReference; lastKnownFileType = folder.assetcatalog; path = Assets.xcassets; sourceTree = "<group>"; };
		F3D0036F2A612CD100FEE503 /* Preview Assets.xcassets */ = {isa = PBXFileReference; lastKnownFileType = folder.assetcatalog; path = "Preview Assets.xcassets"; sourceTree = "<group>"; };
		F3D003752A612CD100FEE503 /* SimpleAccountBookTests.xctest */ = {isa = PBXFileReference; explicitFileType = wrapper.cfbundle; includeInIndex = 0; path = SimpleAccountBookTests.xctest; sourceTree = BUILT_PRODUCTS_DIR; };
		F3D003792A612CD100FEE503 /* SimpleAccountBookTests.swift */ = {isa = PBXFileReference; lastKnownFileType = sourcecode.swift; path = SimpleAccountBookTests.swift; sourceTree = "<group>"; };
		F3D0037F2A612CD100FEE503 /* SimpleAccountBookUITests.xctest */ = {isa = PBXFileReference; explicitFileType = wrapper.cfbundle; includeInIndex = 0; path = SimpleAccountBookUITests.xctest; sourceTree = BUILT_PRODUCTS_DIR; };
		F3D003832A612CD100FEE503 /* SimpleAccountBookUITests.swift */ = {isa = PBXFileReference; lastKnownFileType = sourcecode.swift; path = SimpleAccountBookUITests.swift; sourceTree = "<group>"; };
		F3D003852A612CD100FEE503 /* SimpleAccountBookUITestsLaunchTests.swift */ = {isa = PBXFileReference; lastKnownFileType = sourcecode.swift; path = SimpleAccountBookUITestsLaunchTests.swift; sourceTree = "<group>"; };
/* End PBXFileReference section */

/* Begin PBXFrameworksBuildPhase section */
		F3D003622A612CD000FEE503 /* Frameworks */ = {
			isa = PBXFrameworksBuildPhase;
			buildActionMask = 2147483647;
			files = (
			);
			runOnlyForDeploymentPostprocessing = 0;
		};
		F3D003722A612CD100FEE503 /* Frameworks */ = {
			isa = PBXFrameworksBuildPhase;
			buildActionMask = 2147483647;
			files = (
			);
			runOnlyForDeploymentPostprocessing = 0;
		};
		F3D0037C2A612CD100FEE503 /* Frameworks */ = {
			isa = PBXFrameworksBuildPhase;
			buildActionMask = 2147483647;
			files = (
			);
			runOnlyForDeploymentPostprocessing = 0;
		};
/* End PBXFrameworksBuildPhase section */

/* Begin PBXGroup section */
		F3D0035C2A612CD000FEE503 = {
			isa = PBXGroup;
			children = (
				F3D003672A612CD000FEE503 /* SimpleAccountBook */,
				F3D003782A612CD100FEE503 /* SimpleAccountBookTests */,
				F3D003822A612CD100FEE503 /* SimpleAccountBookUITests */,
				F3D003662A612CD000FEE503 /* Products */,
			);
			sourceTree = "<group>";
		};
		F3D003662A612CD000FEE503 /* Products */ = {
			isa = PBXGroup;
			children = (
				F3D003652A612CD000FEE503 /* SimpleAccountBook.app */,
				F3D003752A612CD100FEE503 /* SimpleAccountBookTests.xctest */,
				F3D0037F2A612CD100FEE503 /* SimpleAccountBookUITests.xctest */,
			);
			name = Products;
			sourceTree = "<group>";
		};
		F3D003672A612CD000FEE503 /* SimpleAccountBook */ = {
			isa = PBXGroup;
			children = (
				F3D003682A612CD000FEE503 /* SimpleAccountBookApp.swift */,
				F3D0036A2A612CD000FEE503 /* ContentView.swift */,
				08F573982A7676FC0064E8A1 /* InputAccountModal.swift */,
				08F573942A766C2E0064E8A1 /* AccountBookModel.swift */,
				08F5739A2A76787B0064E8A1 /* AccountDataManager.swift */,
				F3D0036C2A612CD100FEE503 /* Assets.xcassets */,
				F3D0036E2A612CD100FEE503 /* Preview Content */,
			);
			path = SimpleAccountBook;
			sourceTree = "<group>";
		};
		F3D0036E2A612CD100FEE503 /* Preview Content */ = {
			isa = PBXGroup;
			children = (
				F3D0036F2A612CD100FEE503 /* Preview Assets.xcassets */,
			);
			path = "Preview Content";
			sourceTree = "<group>";
		};
		F3D003782A612CD100FEE503 /* SimpleAccountBookTests */ = {
			isa = PBXGroup;
			children = (
				F3D003792A612CD100FEE503 /* SimpleAccountBookTests.swift */,
			);
			path = SimpleAccountBookTests;
			sourceTree = "<group>";
		};
		F3D003822A612CD100FEE503 /* SimpleAccountBookUITests */ = {
			isa = PBXGroup;
			children = (
				F3D003832A612CD100FEE503 /* SimpleAccountBookUITests.swift */,
				F3D003852A612CD100FEE503 /* SimpleAccountBookUITestsLaunchTests.swift */,
			);
			path = SimpleAccountBookUITests;
			sourceTree = "<group>";
		};
/* End PBXGroup section */

/* Begin PBXNativeTarget section */
		F3D003642A612CD000FEE503 /* SimpleAccountBook */ = {
			isa = PBXNativeTarget;
			buildConfigurationList = F3D003892A612CD100FEE503 /* Build configuration list for PBXNativeTarget "SimpleAccountBook" */;
			buildPhases = (
				F3D003612A612CD000FEE503 /* Sources */,
				F3D003622A612CD000FEE503 /* Frameworks */,
				F3D003632A612CD000FEE503 /* Resources */,
			);
			buildRules = (
			);
			dependencies = (
			);
			name = SimpleAccountBook;
			productName = SimpleAccountBook;
			productReference = F3D003652A612CD000FEE503 /* SimpleAccountBook.app */;
			productType = "com.apple.product-type.application";
		};
		F3D003742A612CD100FEE503 /* SimpleAccountBookTests */ = {
			isa = PBXNativeTarget;
			buildConfigurationList = F3D0038C2A612CD100FEE503 /* Build configuration list for PBXNativeTarget "SimpleAccountBookTests" */;
			buildPhases = (
				F3D003712A612CD100FEE503 /* Sources */,
				F3D003722A612CD100FEE503 /* Frameworks */,
				F3D003732A612CD100FEE503 /* Resources */,
			);
			buildRules = (
			);
			dependencies = (
				F3D003772A612CD100FEE503 /* PBXTargetDependency */,
			);
			name = SimpleAccountBookTests;
			productName = SimpleAccountBookTests;
			productReference = F3D003752A612CD100FEE503 /* SimpleAccountBookTests.xctest */;
			productType = "com.apple.product-type.bundle.unit-test";
		};
		F3D0037E2A612CD100FEE503 /* SimpleAccountBookUITests */ = {
			isa = PBXNativeTarget;
			buildConfigurationList = F3D0038F2A612CD100FEE503 /* Build configuration list for PBXNativeTarget "SimpleAccountBookUITests" */;
			buildPhases = (
				F3D0037B2A612CD100FEE503 /* Sources */,
				F3D0037C2A612CD100FEE503 /* Frameworks */,
				F3D0037D2A612CD100FEE503 /* Resources */,
			);
			buildRules = (
			);
			dependencies = (
				F3D003812A612CD100FEE503 /* PBXTargetDependency */,
			);
			name = SimpleAccountBookUITests;
			productName = SimpleAccountBookUITests;
			productReference = F3D0037F2A612CD100FEE503 /* SimpleAccountBookUITests.xctest */;
			productType = "com.apple.product-type.bundle.ui-testing";
		};
/* End PBXNativeTarget section */

/* Begin PBXProject section */
		F3D0035D2A612CD000FEE503 /* Project object */ = {
			isa = PBXProject;
			attributes = {
				BuildIndependentTargetsInParallel = 1;
				LastSwiftUpdateCheck = 1430;
				LastUpgradeCheck = 1430;
				TargetAttributes = {
					F3D003642A612CD000FEE503 = {
						CreatedOnToolsVersion = 14.3.1;
					};
					F3D003742A612CD100FEE503 = {
						CreatedOnToolsVersion = 14.3.1;
						TestTargetID = F3D003642A612CD000FEE503;
					};
					F3D0037E2A612CD100FEE503 = {
						CreatedOnToolsVersion = 14.3.1;
						TestTargetID = F3D003642A612CD000FEE503;
					};
				};
			};
			buildConfigurationList = F3D003602A612CD000FEE503 /* Build configuration list for PBXProject "SimpleAccountBook" */;
			compatibilityVersion = "Xcode 14.0";
			developmentRegion = en;
			hasScannedForEncodings = 0;
			knownRegions = (
				en,
				Base,
			);
			mainGroup = F3D0035C2A612CD000FEE503;
			productRefGroup = F3D003662A612CD000FEE503 /* Products */;
			projectDirPath = "";
			projectRoot = "";
			targets = (
				F3D003642A612CD000FEE503 /* SimpleAccountBook */,
				F3D003742A612CD100FEE503 /* SimpleAccountBookTests */,
				F3D0037E2A612CD100FEE503 /* SimpleAccountBookUITests */,
			);
		};
/* End PBXProject section */

/* Begin PBXResourcesBuildPhase section */
		F3D003632A612CD000FEE503 /* Resources */ = {
			isa = PBXResourcesBuildPhase;
			buildActionMask = 2147483647;
			files = (
				F3D003702A612CD100FEE503 /* Preview Assets.xcassets in Resources */,
				F3D0036D2A612CD100FEE503 /* Assets.xcassets in Resources */,
			);
			runOnlyForDeploymentPostprocessing = 0;
		};
		F3D003732A612CD100FEE503 /* Resources */ = {
			isa = PBXResourcesBuildPhase;
			buildActionMask = 2147483647;
			files = (
			);
			runOnlyForDeploymentPostprocessing = 0;
		};
		F3D0037D2A612CD100FEE503 /* Resources */ = {
			isa = PBXResourcesBuildPhase;
			buildActionMask = 2147483647;
			files = (
			);
			runOnlyForDeploymentPostprocessing = 0;
		};
/* End PBXResourcesBuildPhase section */

/* Begin PBXSourcesBuildPhase section */
		F3D003612A612CD000FEE503 /* Sources */ = {
			isa = PBXSourcesBuildPhase;
			buildActionMask = 2147483647;
			files = (
				08F573992A7676FC0064E8A1 /* InputAccountModal.swift in Sources */,
				F3D0036B2A612CD000FEE503 /* ContentView.swift in Sources */,
				F3D003692A612CD000FEE503 /* SimpleAccountBookApp.swift in Sources */,
				08F5739B2A76787B0064E8A1 /* AccountDataManager.swift in Sources */,
				08F573952A766C2E0064E8A1 /* AccountBookModel.swift in Sources */,
			);
			runOnlyForDeploymentPostprocessing = 0;
		};
		F3D003712A612CD100FEE503 /* Sources */ = {
			isa = PBXSourcesBuildPhase;
			buildActionMask = 2147483647;
			files = (
				F3D0037A2A612CD100FEE503 /* SimpleAccountBookTests.swift in Sources */,
			);
			runOnlyForDeploymentPostprocessing = 0;
		};
		F3D0037B2A612CD100FEE503 /* Sources */ = {
			isa = PBXSourcesBuildPhase;
			buildActionMask = 2147483647;
			files = (
				F3D003842A612CD100FEE503 /* SimpleAccountBookUITests.swift in Sources */,
				F3D003862A612CD100FEE503 /* SimpleAccountBookUITestsLaunchTests.swift in Sources */,
			);
			runOnlyForDeploymentPostprocessing = 0;
		};
/* End PBXSourcesBuildPhase section */

/* Begin PBXTargetDependency section */
		F3D003772A612CD100FEE503 /* PBXTargetDependency */ = {
			isa = PBXTargetDependency;
			target = F3D003642A612CD000FEE503 /* SimpleAccountBook */;
			targetProxy = F3D003762A612CD100FEE503 /* PBXContainerItemProxy */;
		};
		F3D003812A612CD100FEE503 /* PBXTargetDependency */ = {
			isa = PBXTargetDependency;
			target = F3D003642A612CD000FEE503 /* SimpleAccountBook */;
			targetProxy = F3D003802A612CD100FEE503 /* PBXContainerItemProxy */;
		};
/* End PBXTargetDependency section */

/* Begin XCBuildConfiguration section */
		F3D003872A612CD100FEE503 /* Debug */ = {
			isa = XCBuildConfiguration;
			buildSettings = {
				ALWAYS_SEARCH_USER_PATHS = NO;
				CLANG_ANALYZER_NONNULL = YES;
				CLANG_ANALYZER_NUMBER_OBJECT_CONVERSION = YES_AGGRESSIVE;
				CLANG_CXX_LANGUAGE_STANDARD = "gnu++20";
				CLANG_ENABLE_MODULES = YES;
				CLANG_ENABLE_OBJC_ARC = YES;
				CLANG_ENABLE_OBJC_WEAK = YES;
				CLANG_WARN_BLOCK_CAPTURE_AUTORELEASING = YES;
				CLANG_WARN_BOOL_CONVERSION = YES;
				CLANG_WARN_COMMA = YES;
				CLANG_WARN_CONSTANT_CONVERSION = YES;
				CLANG_WARN_DEPRECATED_OBJC_IMPLEMENTATIONS = YES;
				CLANG_WARN_DIRECT_OBJC_ISA_USAGE = YES_ERROR;
				CLANG_WARN_DOCUMENTATION_COMMENTS = YES;
				CLANG_WARN_EMPTY_BODY = YES;
				CLANG_WARN_ENUM_CONVERSION = YES;
				CLANG_WARN_INFINITE_RECURSION = YES;
				CLANG_WARN_INT_CONVERSION = YES;
				CLANG_WARN_NON_LITERAL_NULL_CONVERSION = YES;
				CLANG_WARN_OBJC_IMPLICIT_RETAIN_SELF = YES;
				CLANG_WARN_OBJC_LITERAL_CONVERSION = YES;
				CLANG_WARN_OBJC_ROOT_CLASS = YES_ERROR;
				CLANG_WARN_QUOTED_INCLUDE_IN_FRAMEWORK_HEADER = YES;
				CLANG_WARN_RANGE_LOOP_ANALYSIS = YES;
				CLANG_WARN_STRICT_PROTOTYPES = YES;
				CLANG_WARN_SUSPICIOUS_MOVE = YES;
				CLANG_WARN_UNGUARDED_AVAILABILITY = YES_AGGRESSIVE;
				CLANG_WARN_UNREACHABLE_CODE = YES;
				CLANG_WARN__DUPLICATE_METHOD_MATCH = YES;
				COPY_PHASE_STRIP = NO;
				DEBUG_INFORMATION_FORMAT = dwarf;
				ENABLE_STRICT_OBJC_MSGSEND = YES;
				ENABLE_TESTABILITY = YES;
				GCC_C_LANGUAGE_STANDARD = gnu11;
				GCC_DYNAMIC_NO_PIC = NO;
				GCC_NO_COMMON_BLOCKS = YES;
				GCC_OPTIMIZATION_LEVEL = 0;
				GCC_PREPROCESSOR_DEFINITIONS = (
					"DEBUG=1",
					"$(inherited)",
				);
				GCC_WARN_64_TO_32_BIT_CONVERSION = YES;
				GCC_WARN_ABOUT_RETURN_TYPE = YES_ERROR;
				GCC_WARN_UNDECLARED_SELECTOR = YES;
				GCC_WARN_UNINITIALIZED_AUTOS = YES_AGGRESSIVE;
				GCC_WARN_UNUSED_FUNCTION = YES;
				GCC_WARN_UNUSED_VARIABLE = YES;
				IPHONEOS_DEPLOYMENT_TARGET = 16.4;
				MTL_ENABLE_DEBUG_INFO = INCLUDE_SOURCE;
				MTL_FAST_MATH = YES;
				ONLY_ACTIVE_ARCH = YES;
				SDKROOT = iphoneos;
				SWIFT_ACTIVE_COMPILATION_CONDITIONS = DEBUG;
				SWIFT_OPTIMIZATION_LEVEL = "-Onone";
			};
			name = Debug;
		};
		F3D003882A612CD100FEE503 /* Release */ = {
			isa = XCBuildConfiguration;
			buildSettings = {
				ALWAYS_SEARCH_USER_PATHS = NO;
				CLANG_ANALYZER_NONNULL = YES;
				CLANG_ANALYZER_NUMBER_OBJECT_CONVERSION = YES_AGGRESSIVE;
				CLANG_CXX_LANGUAGE_STANDARD = "gnu++20";
				CLANG_ENABLE_MODULES = YES;
				CLANG_ENABLE_OBJC_ARC = YES;
				CLANG_ENABLE_OBJC_WEAK = YES;
				CLANG_WARN_BLOCK_CAPTURE_AUTORELEASING = YES;
				CLANG_WARN_BOOL_CONVERSION = YES;
				CLANG_WARN_COMMA = YES;
				CLANG_WARN_CONSTANT_CONVERSION = YES;
				CLANG_WARN_DEPRECATED_OBJC_IMPLEMENTATIONS = YES;
				CLANG_WARN_DIRECT_OBJC_ISA_USAGE = YES_ERROR;
				CLANG_WARN_DOCUMENTATION_COMMENTS = YES;
				CLANG_WARN_EMPTY_BODY = YES;
				CLANG_WARN_ENUM_CONVERSION = YES;
				CLANG_WARN_INFINITE_RECURSION = YES;
				CLANG_WARN_INT_CONVERSION = YES;
				CLANG_WARN_NON_LITERAL_NULL_CONVERSION = YES;
				CLANG_WARN_OBJC_IMPLICIT_RETAIN_SELF = YES;
				CLANG_WARN_OBJC_LITERAL_CONVERSION = YES;
				CLANG_WARN_OBJC_ROOT_CLASS = YES_ERROR;
				CLANG_WARN_QUOTED_INCLUDE_IN_FRAMEWORK_HEADER = YES;
				CLANG_WARN_RANGE_LOOP_ANALYSIS = YES;
				CLANG_WARN_STRICT_PROTOTYPES = YES;
				CLANG_WARN_SUSPICIOUS_MOVE = YES;
				CLANG_WARN_UNGUARDED_AVAILABILITY = YES_AGGRESSIVE;
				CLANG_WARN_UNREACHABLE_CODE = YES;
				CLANG_WARN__DUPLICATE_METHOD_MATCH = YES;
				COPY_PHASE_STRIP = NO;
				DEBUG_INFORMATION_FORMAT = "dwarf-with-dsym";
				ENABLE_NS_ASSERTIONS = NO;
				ENABLE_STRICT_OBJC_MSGSEND = YES;
				GCC_C_LANGUAGE_STANDARD = gnu11;
				GCC_NO_COMMON_BLOCKS = YES;
				GCC_WARN_64_TO_32_BIT_CONVERSION = YES;
				GCC_WARN_ABOUT_RETURN_TYPE = YES_ERROR;
				GCC_WARN_UNDECLARED_SELECTOR = YES;
				GCC_WARN_UNINITIALIZED_AUTOS = YES_AGGRESSIVE;
				GCC_WARN_UNUSED_FUNCTION = YES;
				GCC_WARN_UNUSED_VARIABLE = YES;
				IPHONEOS_DEPLOYMENT_TARGET = 16.4;
				MTL_ENABLE_DEBUG_INFO = NO;
				MTL_FAST_MATH = YES;
				SDKROOT = iphoneos;
				SWIFT_COMPILATION_MODE = wholemodule;
				SWIFT_OPTIMIZATION_LEVEL = "-O";
				VALIDATE_PRODUCT = YES;
			};
			name = Release;
		};
		F3D0038A2A612CD100FEE503 /* Debug */ = {
			isa = XCBuildConfiguration;
			buildSettings = {
				ASSETCATALOG_COMPILER_APPICON_NAME = AppIcon;
				ASSETCATALOG_COMPILER_GLOBAL_ACCENT_COLOR_NAME = AccentColor;
				CODE_SIGN_STYLE = Automatic;
				CURRENT_PROJECT_VERSION = 1;
				DEVELOPMENT_ASSET_PATHS = "\"SimpleAccountBook/Preview Content\"";
				ENABLE_PREVIEWS = YES;
				GENERATE_INFOPLIST_FILE = YES;
				INFOPLIST_KEY_UIApplicationSceneManifest_Generation = YES;
				INFOPLIST_KEY_UIApplicationSupportsIndirectInputEvents = YES;
				INFOPLIST_KEY_UILaunchScreen_Generation = YES;
				INFOPLIST_KEY_UISupportedInterfaceOrientations_iPad = "UIInterfaceOrientationPortrait UIInterfaceOrientationPortraitUpsideDown UIInterfaceOrientationLandscapeLeft UIInterfaceOrientationLandscapeRight";
				INFOPLIST_KEY_UISupportedInterfaceOrientations_iPhone = "UIInterfaceOrientationPortrait UIInterfaceOrientationLandscapeLeft UIInterfaceOrientationLandscapeRight";
				LD_RUNPATH_SEARCH_PATHS = (
					"$(inherited)",
					"@executable_path/Frameworks",
				);
				MARKETING_VERSION = 1.0;
				PRODUCT_BUNDLE_IDENTIFIER = kr.ac.swac.SimpleAccountBook;
				PRODUCT_NAME = "$(TARGET_NAME)";
				SWIFT_EMIT_LOC_STRINGS = YES;
				SWIFT_VERSION = 5.0;
				TARGETED_DEVICE_FAMILY = "1,2";
			};
			name = Debug;
		};
		F3D0038B2A612CD100FEE503 /* Release */ = {
			isa = XCBuildConfiguration;
			buildSettings = {
				ASSETCATALOG_COMPILER_APPICON_NAME = AppIcon;
				ASSETCATALOG_COMPILER_GLOBAL_ACCENT_COLOR_NAME = AccentColor;
				CODE_SIGN_STYLE = Automatic;
				CURRENT_PROJECT_VERSION = 1;
				DEVELOPMENT_ASSET_PATHS = "\"SimpleAccountBook/Preview Content\"";
				ENABLE_PREVIEWS = YES;
				GENERATE_INFOPLIST_FILE = YES;
				INFOPLIST_KEY_UIApplicationSceneManifest_Generation = YES;
				INFOPLIST_KEY_UIApplicationSupportsIndirectInputEvents = YES;
				INFOPLIST_KEY_UILaunchScreen_Generation = YES;
				INFOPLIST_KEY_UISupportedInterfaceOrientations_iPad = "UIInterfaceOrientationPortrait UIInterfaceOrientationPortraitUpsideDown UIInterfaceOrientationLandscapeLeft UIInterfaceOrientationLandscapeRight";
				INFOPLIST_KEY_UISupportedInterfaceOrientations_iPhone = "UIInterfaceOrientationPortrait UIInterfaceOrientationLandscapeLeft UIInterfaceOrientationLandscapeRight";
				LD_RUNPATH_SEARCH_PATHS = (
					"$(inherited)",
					"@executable_path/Frameworks",
				);
				MARKETING_VERSION = 1.0;
				PRODUCT_BUNDLE_IDENTIFIER = kr.ac.swac.SimpleAccountBook;
				PRODUCT_NAME = "$(TARGET_NAME)";
				SWIFT_EMIT_LOC_STRINGS = YES;
				SWIFT_VERSION = 5.0;
				TARGETED_DEVICE_FAMILY = "1,2";
			};
			name = Release;
		};
		F3D0038D2A612CD100FEE503 /* Debug */ = {
			isa = XCBuildConfiguration;
			buildSettings = {
				ALWAYS_EMBED_SWIFT_STANDARD_LIBRARIES = YES;
				BUNDLE_LOADER = "$(TEST_HOST)";
				CODE_SIGN_STYLE = Automatic;
				CURRENT_PROJECT_VERSION = 1;
				GENERATE_INFOPLIST_FILE = YES;
				IPHONEOS_DEPLOYMENT_TARGET = 16.4;
				MARKETING_VERSION = 1.0;
				PRODUCT_BUNDLE_IDENTIFIER = kr.ac.swac.SimpleAccountBookTests;
				PRODUCT_NAME = "$(TARGET_NAME)";
				SWIFT_EMIT_LOC_STRINGS = NO;
				SWIFT_VERSION = 5.0;
				TARGETED_DEVICE_FAMILY = "1,2";
				TEST_HOST = "$(BUILT_PRODUCTS_DIR)/SimpleAccountBook.app/$(BUNDLE_EXECUTABLE_FOLDER_PATH)/SimpleAccountBook";
			};
			name = Debug;
		};
		F3D0038E2A612CD100FEE503 /* Release */ = {
			isa = XCBuildConfiguration;
			buildSettings = {
				ALWAYS_EMBED_SWIFT_STANDARD_LIBRARIES = YES;
				BUNDLE_LOADER = "$(TEST_HOST)";
				CODE_SIGN_STYLE = Automatic;
				CURRENT_PROJECT_VERSION = 1;
				GENERATE_INFOPLIST_FILE = YES;
				IPHONEOS_DEPLOYMENT_TARGET = 16.4;
				MARKETING_VERSION = 1.0;
				PRODUCT_BUNDLE_IDENTIFIER = kr.ac.swac.SimpleAccountBookTests;
				PRODUCT_NAME = "$(TARGET_NAME)";
				SWIFT_EMIT_LOC_STRINGS = NO;
				SWIFT_VERSION = 5.0;
				TARGETED_DEVICE_FAMILY = "1,2";
				TEST_HOST = "$(BUILT_PRODUCTS_DIR)/SimpleAccountBook.app/$(BUNDLE_EXECUTABLE_FOLDER_PATH)/SimpleAccountBook";
			};
			name = Release;
		};
		F3D003902A612CD100FEE503 /* Debug */ = {
			isa = XCBuildConfiguration;
			buildSettings = {
				ALWAYS_EMBED_SWIFT_STANDARD_LIBRARIES = YES;
				CODE_SIGN_STYLE = Automatic;
				CURRENT_PROJECT_VERSION = 1;
				GENERATE_INFOPLIST_FILE = YES;
				MARKETING_VERSION = 1.0;
				PRODUCT_BUNDLE_IDENTIFIER = kr.ac.swac.SimpleAccountBookUITests;
				PRODUCT_NAME = "$(TARGET_NAME)";
				SWIFT_EMIT_LOC_STRINGS = NO;
				SWIFT_VERSION = 5.0;
				TARGETED_DEVICE_FAMILY = "1,2";
				TEST_TARGET_NAME = SimpleAccountBook;
			};
			name = Debug;
		};
		F3D003912A612CD100FEE503 /* Release */ = {
			isa = XCBuildConfiguration;
			buildSettings = {
				ALWAYS_EMBED_SWIFT_STANDARD_LIBRARIES = YES;
				CODE_SIGN_STYLE = Automatic;
				CURRENT_PROJECT_VERSION = 1;
				GENERATE_INFOPLIST_FILE = YES;
				MARKETING_VERSION = 1.0;
				PRODUCT_BUNDLE_IDENTIFIER = kr.ac.swac.SimpleAccountBookUITests;
				PRODUCT_NAME = "$(TARGET_NAME)";
				SWIFT_EMIT_LOC_STRINGS = NO;
				SWIFT_VERSION = 5.0;
				TARGETED_DEVICE_FAMILY = "1,2";
				TEST_TARGET_NAME = SimpleAccountBook;
			};
			name = Release;
		};
/* End XCBuildConfiguration section */

/* Begin XCConfigurationList section */
		F3D003602A612CD000FEE503 /* Build configuration list for PBXProject "SimpleAccountBook" */ = {
			isa = XCConfigurationList;
			buildConfigurations = (
				F3D003872A612CD100FEE503 /* Debug */,
				F3D003882A612CD100FEE503 /* Release */,
			);
			defaultConfigurationIsVisible = 0;
			defaultConfigurationName = Release;
		};
		F3D003892A612CD100FEE503 /* Build configuration list for PBXNativeTarget "SimpleAccountBook" */ = {
			isa = XCConfigurationList;
			buildConfigurations = (
				F3D0038A2A612CD100FEE503 /* Debug */,
				F3D0038B2A612CD100FEE503 /* Release */,
			);
			defaultConfigurationIsVisible = 0;
			defaultConfigurationName = Release;
		};
		F3D0038C2A612CD100FEE503 /* Build configuration list for PBXNativeTarget "SimpleAccountBookTests" */ = {
			isa = XCConfigurationList;
			buildConfigurations = (
				F3D0038D2A612CD100FEE503 /* Debug */,
				F3D0038E2A612CD100FEE503 /* Release */,
			);
			defaultConfigurationIsVisible = 0;
			defaultConfigurationName = Release;
		};
		F3D0038F2A612CD100FEE503 /* Build configuration list for PBXNativeTarget "SimpleAccountBookUITests" */ = {
			isa = XCConfigurationList;
			buildConfigurations = (
				F3D003902A612CD100FEE503 /* Debug */,
				F3D003912A612CD100FEE503 /* Release */,
			);
			defaultConfigurationIsVisible = 0;
			defaultConfigurationName = Release;
		};
/* End XCConfigurationList section */
	};
	rootObject = F3D0035D2A612CD000FEE503 /* Project object */;
}
